
Microsoft Visual Studio Solution File, Format Version 12.00
# Visual Studio 15
VisualStudioVersion = 15.0.28307.852
MinimumVisualStudioVersion = 10.0.40219.1
Project("{FAE04EC0-301F-11D3-BF4B-00C04F79EFBC}") = "WebApplication1", "WebApplication1\WebApplication1.csproj", "{333E5DD4-5705-40CF-A87A-D3C531A28255}"
EndProject
Project("{FAE04EC0-301F-11D3-BF4B-00C04F79EFBC}") = "Database", "Database\Database.csproj", "{B42C3567-D47B-4EE1-8808-5DD3941294EA}"
EndProject
Project("{FAE04EC0-301F-11D3-BF4B-00C04F79EFBC}") = "MinistryOfFinanceBudgetSystemConector", "D:\Team Projects\MinistryOfFinanceBudgetSystem\MinistryOfFinanceBudgetSystemConector\MinistryOfFinanceBudgetSystemConector.csproj", "{8BFE430C-A0CC-48E4-B4ED-D7577B916AE9}"
EndProject
Global
	GlobalSection(SolutionConfigurationPlatforms) = preSolution
		Debug|Any CPU = Debug|Any CPU
		Release|Any CPU = Release|Any CPU
	EndGlobalSection
	GlobalSection(ProjectConfigurationPlatforms) = postSolution
		{333E5DD4-5705-40CF-A87A-D3C531A28255}.Debug|Any CPU.ActiveCfg = Debug|Any CPU
		{333E5DD4-5705-40CF-A87A-D3C531A28255}.Debug|Any CPU.Build.0 = Debug|Any CPU
		{333E5DD4-5705-40CF-A87A-D3C531A28255}.Release|Any CPU.ActiveCfg = Release|Any CPU
		{333E5DD4-5705-40CF-A87A-D3C531A28255}.Release|Any CPU.Build.0 = Release|Any CPU
		{B42C3567-D47B-4EE1-8808-5DD3941294EA}.Debug|Any CPU.ActiveCfg = Debug|Any CPU
		{B42C3567-D47B-4EE1-8808-5DD3941294EA}.Debug|Any CPU.Build.0 = Debug|Any CPU
		{B42C3567-D47B-4EE1-8808-5DD3941294EA}.Release|Any CPU.ActiveCfg = Release|Any CPU
		{B42C3567-D47B-4EE1-8808-5DD3941294EA}.Release|Any CPU.Build.0 = Release|Any CPU
		{8BFE430C-A0CC-48E4-B4ED-D7577B916AE9}.Debug|Any CPU.ActiveCfg = Debug|Any CPU
		{8BFE430C-A0CC-48E4-B4ED-D7577B916AE9}.Debug|Any CPU.Build.0 = Debug|Any CPU
		{8BFE430C-A0CC-48E4-B4ED-D7577B916AE9}.Release|Any CPU.ActiveCfg = Release|Any CPU
		{8BFE430C-A0CC-48E4-B4ED-D7577B916AE9}.Release|Any CPU.Build.0 = Release|Any CPU
	EndGlobalSection
	GlobalSection(SolutionProperties) = preSolution
		HideSolutionNode = FALSE
	EndGlobalSection
	GlobalSection(ExtensibilityGlobals) = postSolution
		SolutionGuid = {A6F5F3CD-3C26-40C9-9F0A-170F73B449D8}
	EndGlobalSection
EndGlobal
